{
    "_meta": {
        "hash": {
            "sha256": "2e15c95ad4eaa4a569b0d3598469086b8b51b8bb6f823b63f736be84af083274"
        },
        "pipfile-spec": 6,
        "requires": {
            "python_version": "3.11"
        },
        "sources": [
            {
                "name": "pypi",
                "url": "https://pypi.org/simple",
                "verify_ssl": true
            }
        ]
    },
    "default": {
        "pyobjc-core": {
            "hashes": [
                "sha256:01c0cf500596f03e21c23aef9b5f326b9fb1f8f118cf0d8b66749b6cf4cbb37a",
                "sha256:177aaca84bb369a483e4961186704f64b2697708046745f8167e818d968c88fc",
                "sha256:2bb3903f5387f72422145e1466b3ac3f7f0ef2e9960afa9bcd8961c5cbf8bd21",
                "sha256:453b191df1a4b80e756445b935491b974714456ae2cbae816840bd96f86db882",
                "sha256:818bcc6723561f207e5b5453efe9703f34bc8781d11ce9b8be286bb415eb4962",
                "sha256:844515f5d86395b979d02152576e7dee9cc679acc0b32dc626ef5bda315eaa43",
                "sha256:93418e79c1655f66b4352168f8c85c942707cb1d3ea13a1da3e6f6a143bacda7",
                "sha256:c918ebca280925e7fcb14c5c43ce12dcb9574a33cccb889be7c8c17f3bcce8b6"
            ],
            "markers": "python_version >= '3.10'",
            "version": "==12.1"
        },
        "pyobjc-framework-cocoa": {
            "hashes": [
                "sha256:03342a60fc0015bcdf9b93ac0b4f457d3938e9ef761b28df9564c91a14f0129a",
                "sha256:547c182837214b7ec4796dac5aee3aa25abc665757b75d7f44f83c994bcb0858",
                "sha256:5556c87db95711b985d5efdaaf01c917ddd41d148b1e52a0c66b1a2e2c5c1640",
                "sha256:5a3dcd491cacc2f5a197142b3c556d8aafa3963011110102a093349017705118",
                "sha256:6ba1dc1bfa4da42d04e93d2363491275fb2e2be5c20790e561c8a9e09b8cf2cc",
                "sha256:914b74328c22d8ca261d78c23ef2befc29776e0b85555973927b338c5734ca44",
                "sha256:9b880d3bdcd102809d704b6d8e14e31611443aa892d9f60e8491e457182fdd48",
                "sha256:f52228bcf38da64b77328787967d464e28b981492b33a7675585141e1b0a01e6"
            ],
            "index": "pypi",
            "markers": "python_version >= '3.10'",
            "version": "==12.1"
        },
        "pyobjc-framework-coreml": {
            "hashes": [
                "sha256:0d1a4216891a18775c9e0170d908714c18e4f53f9dc79fb0f5263b2aa81609ba",
                "sha256:10dc8e8db53d7631ebc712cad146e3a9a9a443f4e1a037e844149a24c3c42669",
                "sha256:16dafcfb123f022e62f47a590a7eccf7d0cb5957a77fd5f062b5ee751cb5a423",
                "sha256:48fa3bb4a03fa23e0e36c93936dca2969598e4102f4b441e1663f535fc99cd31",
                "sha256:71de5b37e6a017e3ed16645c5d6533138f24708da5b56c35c818ae49d0253ee1",
                "sha256:7762b3dd2de01565b7cf3049ce1e4c27341ba179d97016b0b7607448e1c39865",
                "sha256:a04a96e512ecf6999aa9e1f60ad5635cb9d1cd839be470341d8d1541797baef6",
                "sha256:df4e9b4f97063148cc481f72e2fbe3cc53b9464d722752aa658d7c0aec9f02fd"
            ],
            "markers": "python_version >= '3.10'",
            "version": "==12.1"
        },
        "pyobjc-framework-quartz": {
            "hashes": [
                "sha256:0cc08fddb339b2760df60dea1057453557588908e42bdc62184b6396ce2d6e9a",
                "sha256:19f99ac49a0b15dd892e155644fe80242d741411a9ed9c119b18b7466048625a",
                "sha256:27f782f3513ac88ec9b6c82d9767eef95a5cf4175ce88a1e5a65875fee799608",
                "sha256:42d306b07f05ae7d155984503e0fb1b701fecd31dcc5c79fe8ab9790ff7e0de0",
                "sha256:53b84e880c358ba1ddcd7e8d5ea0407d760eca58b96f0d344829162cda5f37b3",
                "sha256:629b7971b1b43a11617f1460cd218bd308dfea247cd4ee3842eb40ca6f588860",
                "sha256:7730cdce46c7e985535b5a42c31381af4aa6556e5642dc55b5e6597595e57a16",
                "sha256:c6f312ae79ef8b3019dcf4b3374c52035c7c7bc4a09a1748b61b041bb685a0ed"
            ],
            "index": "pypi",
            "markers": "python_version >= '3.10'",
            "version": "==12.1"
        },
        "pyobjc-framework-vision": {
            "hashes": [
                "sha256:04296f0848cc8cdead66c76df6063720885cbdf24fdfd1900749a6e2297313db",
                "sha256:1edbf2fc18ce3b31108f845901a88f2236783ae6bf0bc68438d7ece572dc2a29",
                "sha256:631add775ed1dafb221a6116137cdcd78432addc16200ca434571c2a039c0e03",
                "sha256:6b3211d84f3a12aad0cde752cfd43a80d0218960ac9e6b46b141c730e7d655bd",
                "sha256:7273e2508db4c2e88523b4b7ff38ac54808756e7ba01d78e6c08ea68f32577d2",
                "sha256:a30959100e85dcede3a786c544e621ad6eb65ff6abf85721f805822b8c5fe9b0",
                "sha256:a30c3fff926348baecc3ce1f6da8ed327d0cbd55ca1c376d018e31023b79c0ab",
                "sha256:fe41a1a70cc91068aee7b5293fa09dc66d1c666a8da79fdf948900988b439df6"
            ],
            "index": "pypi",
            "markers": "python_version >= '3.10'",
            "version": "==12.1"
        }
    },
    "develop": {}
}
